{
  "name": "iroharness",
  "version": "0.1.0",
  "lockfileVersion": 3,
  "requires": true,
  "packages": {
    "": {
      "name": "iroharness",
      "version": "0.1.0",
      "license": "MIT",
      "bin": {
        "iroharness": "bin/iroharness.mjs"
      },
      "engines": {
        "node": ">=20"
      }
    }
  }
}
